// !$*UTF8*$!
{
	archiveVersion = 1;
	classes = {
	};
	objectVersion = 56;
	objects = {

/* Begin PBXBuildFile section */
		9E04E3122BE661BA00B53EE3 /* Trigonometry.swift in Sources */ = {isa = PBXBuildFile; fileRef = 9E04E3112BE661BA00B53EE3 /* Trigonometry.swift */; };
		9E2E75DD2BCC2E3600CD4DC1 /* main.swift in Sources */ = {isa = PBXBuildFile; fileRef = 9E2E75DC2BCC2E3600CD4DC1 /* main.swift */; };
		9E46BA212BD59E0200BE923B /* Multiply.swift in Sources */ = {isa = PBXBuildFile; fileRef = 9E46BA202BD59E0200BE923B /* Multiply.swift */; };
		9E46BA232BD59E2F00BE923B /* Add.swift in Sources */ = {isa = PBXBuildFile; fileRef = 9E46BA222BD59E2F00BE923B /* Add.swift */; };
		9E46BA252BD59E4900BE923B /* Divide.swift in Sources */ = {isa = PBXBuildFile; fileRef = 9E46BA242BD59E4900BE923B /* Divide.swift */; };
		9E61EED52C00B632006CF63F /* Limits.swift in Sources */ = {isa = PBXBuildFile; fileRef = 9E61EED42C00B632006CF63F /* Limits.swift */; };
		9E8C037E2BFF890C003F7977 /* MacLaurin.swift in Sources */ = {isa = PBXBuildFile; fileRef = 9E8C037D2BFF890C003F7977 /* MacLaurin.swift */; };
		9E906AAC2BE7CC5200EB4E66 /* Print++.swift in Sources */ = {isa = PBXBuildFile; fileRef = 9E906AAB2BE7CC5200EB4E66 /* Print++.swift */; };
		9ED3E2162BF55A02002671C3 /* Core.swift in Sources */ = {isa = PBXBuildFile; fileRef = 9ED3E2152BF55A02002671C3 /* Core.swift */; };
		9ED3E2182BF569CF002671C3 /* VariableSwap.swift in Sources */ = {isa = PBXBuildFile; fileRef = 9ED3E2172BF569CF002671C3 /* VariableSwap.swift */; };
/* End PBXBuildFile section */

/* Begin PBXCopyFilesBuildPhase section */
		9E2E75D72BCC2E3600CD4DC1 /* CopyFiles */ = {
			isa = PBXCopyFilesBuildPhase;
			buildActionMask = 2147483647;
			dstPath = /usr/share/man/man1/;
			dstSubfolderSpec = 0;
			files = (
			);
			runOnlyForDeploymentPostprocessing = 1;
		};
/* End PBXCopyFilesBuildPhase section */

/* Begin PBXFileReference section */
		9E04E3112BE661BA00B53EE3 /* Trigonometry.swift */ = {isa = PBXFileReference; lastKnownFileType = sourcecode.swift; path = Trigonometry.swift; sourceTree = "<group>"; };
		9E2E75D92BCC2E3600CD4DC1 /* Calculus */ = {isa = PBXFileReference; explicitFileType = "compiled.mach-o.executable"; includeInIndex = 0; path = Calculus; sourceTree = BUILT_PRODUCTS_DIR; };
		9E2E75DC2BCC2E3600CD4DC1 /* main.swift */ = {isa = PBXFileReference; lastKnownFileType = sourcecode.swift; path = main.swift; sourceTree = "<group>"; };
		9E46BA202BD59E0200BE923B /* Multiply.swift */ = {isa = PBXFileReference; lastKnownFileType = sourcecode.swift; path = Multiply.swift; sourceTree = "<group>"; };
		9E46BA222BD59E2F00BE923B /* Add.swift */ = {isa = PBXFileReference; lastKnownFileType = sourcecode.swift; path = Add.swift; sourceTree = "<group>"; };
		9E46BA242BD59E4900BE923B /* Divide.swift */ = {isa = PBXFileReference; lastKnownFileType = sourcecode.swift; path = Divide.swift; sourceTree = "<group>"; };
		9E61EED42C00B632006CF63F /* Limits.swift */ = {isa = PBXFileReference; lastKnownFileType = sourcecode.swift; path = Limits.swift; sourceTree = "<group>"; };
		9E8C037D2BFF890C003F7977 /* MacLaurin.swift */ = {isa = PBXFileReference; lastKnownFileType = sourcecode.swift; path = MacLaurin.swift; sourceTree = "<group>"; };
		9E906AAB2BE7CC5200EB4E66 /* Print++.swift */ = {isa = PBXFileReference; lastKnownFileType = sourcecode.swift; path = "Print++.swift"; sourceTree = "<group>"; };
		9ED3E2152BF55A02002671C3 /* Core.swift */ = {isa = PBXFileReference; lastKnownFileType = sourcecode.swift; path = Core.swift; sourceTree = "<group>"; };
		9ED3E2172BF569CF002671C3 /* VariableSwap.swift */ = {isa = PBXFileReference; lastKnownFileType = sourcecode.swift; path = VariableSwap.swift; sourceTree = "<group>"; };
/* End PBXFileReference section */

/* Begin PBXFrameworksBuildPhase section */
		9E2E75D62BCC2E3600CD4DC1 /* Frameworks */ = {
			isa = PBXFrameworksBuildPhase;
			buildActionMask = 2147483647;
			files = (
			);
			runOnlyForDeploymentPostprocessing = 0;
		};
/* End PBXFrameworksBuildPhase section */

/* Begin PBXGroup section */
		9E2E75D02BCC2E3600CD4DC1 = {
			isa = PBXGroup;
			children = (
				9E2E75DB2BCC2E3600CD4DC1 /* Calculus */,
				9E2E75DA2BCC2E3600CD4DC1 /* Products */,
			);
			sourceTree = "<group>";
		};
		9E2E75DA2BCC2E3600CD4DC1 /* Products */ = {
			isa = PBXGroup;
			children = (
				9E2E75D92BCC2E3600CD4DC1 /* Calculus */,
			);
			name = Products;
			sourceTree = "<group>";
		};
		9E2E75DB2BCC2E3600CD4DC1 /* Calculus */ = {
			isa = PBXGroup;
			children = (
				9E2E75DC2BCC2E3600CD4DC1 /* main.swift */,
				9E61EED42C00B632006CF63F /* Limits.swift */,
				9E04E3112BE661BA00B53EE3 /* Trigonometry.swift */,
				9E46BA202BD59E0200BE923B /* Multiply.swift */,
				9E46BA242BD59E4900BE923B /* Divide.swift */,
				9E46BA222BD59E2F00BE923B /* Add.swift */,
				9E906AAB2BE7CC5200EB4E66 /* Print++.swift */,
				9ED3E2152BF55A02002671C3 /* Core.swift */,
				9ED3E2172BF569CF002671C3 /* VariableSwap.swift */,
				9E8C037D2BFF890C003F7977 /* MacLaurin.swift */,
			);
			path = Calculus;
			sourceTree = "<group>";
		};
/* End PBXGroup section */

/* Begin PBXNativeTarget section */
		9E2E75D82BCC2E3600CD4DC1 /* Calculus */ = {
			isa = PBXNativeTarget;
			buildConfigurationList = 9E2E75E02BCC2E3600CD4DC1 /* Build configuration list for PBXNativeTarget "Calculus" */;
			buildPhases = (
				9E2E75D52BCC2E3600CD4DC1 /* Sources */,
				9E2E75D62BCC2E3600CD4DC1 /* Frameworks */,
				9E2E75D72BCC2E3600CD4DC1 /* CopyFiles */,
			);
			buildRules = (
			);
			dependencies = (
			);
			name = Calculus;
			productName = integrate;
			productReference = 9E2E75D92BCC2E3600CD4DC1 /* Calculus */;
			productType = "com.apple.product-type.tool";
		};
/* End PBXNativeTarget section */

/* Begin PBXProject section */
		9E2E75D12BCC2E3600CD4DC1 /* Project object */ = {
			isa = PBXProject;
			attributes = {
				BuildIndependentTargetsInParallel = 1;
				LastSwiftUpdateCheck = 1500;
				LastUpgradeCheck = 1500;
				TargetAttributes = {
					9E2E75D82BCC2E3600CD4DC1 = {
						CreatedOnToolsVersion = 15.0.1;
					};
				};
			};
			buildConfigurationList = 9E2E75D42BCC2E3600CD4DC1 /* Build configuration list for PBXProject "Calculus" */;
			compatibilityVersion = "Xcode 14.0";
			developmentRegion = en;
			hasScannedForEncodings = 0;
			knownRegions = (
				en,
				Base,
			);
			mainGroup = 9E2E75D02BCC2E3600CD4DC1;
			productRefGroup = 9E2E75DA2BCC2E3600CD4DC1 /* Products */;
			projectDirPath = "";
			projectRoot = "";
			targets = (
				9E2E75D82BCC2E3600CD4DC1 /* Calculus */,
			);
		};
/* End PBXProject section */

/* Begin PBXSourcesBuildPhase section */
		9E2E75D52BCC2E3600CD4DC1 /* Sources */ = {
			isa = PBXSourcesBuildPhase;
			buildActionMask = 2147483647;
			files = (
				9E04E3122BE661BA00B53EE3 /* Trigonometry.swift in Sources */,
				9E46BA252BD59E4900BE923B /* Divide.swift in Sources */,
				9E46BA232BD59E2F00BE923B /* Add.swift in Sources */,
				9ED3E2162BF55A02002671C3 /* Core.swift in Sources */,
				9E2E75DD2BCC2E3600CD4DC1 /* main.swift in Sources */,
				9E61EED52C00B632006CF63F /* Limits.swift in Sources */,
				9E46BA212BD59E0200BE923B /* Multiply.swift in Sources */,
				9E8C037E2BFF890C003F7977 /* MacLaurin.swift in Sources */,
				9ED3E2182BF569CF002671C3 /* VariableSwap.swift in Sources */,
				9E906AAC2BE7CC5200EB4E66 /* Print++.swift in Sources */,
			);
			runOnlyForDeploymentPostprocessing = 0;
		};
/* End PBXSourcesBuildPhase section */

/* Begin XCBuildConfiguration section */
		9E2E75DE2BCC2E3600CD4DC1 /* Debug */ = {
			isa = XCBuildConfiguration;
			buildSettings = {
				ALWAYS_SEARCH_USER_PATHS = NO;
				ASSETCATALOG_COMPILER_GENERATE_SWIFT_ASSET_SYMBOL_EXTENSIONS = YES;
				CLANG_ANALYZER_NONNULL = YES;
				CLANG_ANALYZER_NUMBER_OBJECT_CONVERSION = YES_AGGRESSIVE;
				CLANG_CXX_LANGUAGE_STANDARD = "gnu++20";
				CLANG_ENABLE_MODULES = YES;
				CLANG_ENABLE_OBJC_ARC = YES;
				CLANG_ENABLE_OBJC_WEAK = YES;
				CLANG_WARN_BLOCK_CAPTURE_AUTORELEASING = YES;
				CLANG_WARN_BOOL_CONVERSION = YES;
				CLANG_WARN_COMMA = YES;
				CLANG_WARN_CONSTANT_CONVERSION = YES;
				CLANG_WARN_DEPRECATED_OBJC_IMPLEMENTATIONS = YES;
				CLANG_WARN_DIRECT_OBJC_ISA_USAGE = YES_ERROR;
				CLANG_WARN_DOCUMENTATION_COMMENTS = YES;
				CLANG_WARN_EMPTY_BODY = YES;
				CLANG_WARN_ENUM_CONVERSION = YES;
				CLANG_WARN_INFINITE_RECURSION = YES;
				CLANG_WARN_INT_CONVERSION = YES;
				CLANG_WARN_NON_LITERAL_NULL_CONVERSION = YES;
				CLANG_WARN_OBJC_IMPLICIT_RETAIN_SELF = YES;
				CLANG_WARN_OBJC_LITERAL_CONVERSION = YES;
				CLANG_WARN_OBJC_ROOT_CLASS = YES_ERROR;
				CLANG_WARN_QUOTED_INCLUDE_IN_FRAMEWORK_HEADER = YES;
				CLANG_WARN_RANGE_LOOP_ANALYSIS = YES;
				CLANG_WARN_STRICT_PROTOTYPES = YES;
				CLANG_WARN_SUSPICIOUS_MOVE = YES;
				CLANG_WARN_UNGUARDED_AVAILABILITY = YES_AGGRESSIVE;
				CLANG_WARN_UNREACHABLE_CODE = YES;
				CLANG_WARN__DUPLICATE_METHOD_MATCH = YES;
				COPY_PHASE_STRIP = NO;
				DEBUG_INFORMATION_FORMAT = dwarf;
				ENABLE_STRICT_OBJC_MSGSEND = YES;
				ENABLE_TESTABILITY = YES;
				ENABLE_USER_SCRIPT_SANDBOXING = YES;
				GCC_C_LANGUAGE_STANDARD = gnu17;
				GCC_DYNAMIC_NO_PIC = NO;
				GCC_NO_COMMON_BLOCKS = YES;
				GCC_OPTIMIZATION_LEVEL = 0;
				GCC_PREPROCESSOR_DEFINITIONS = (
					"DEBUG=1",
					"$(inherited)",
				);
				GCC_WARN_64_TO_32_BIT_CONVERSION = YES;
				GCC_WARN_ABOUT_RETURN_TYPE = YES_ERROR;
				GCC_WARN_UNDECLARED_SELECTOR = YES;
				GCC_WARN_UNINITIALIZED_AUTOS = YES_AGGRESSIVE;
				GCC_WARN_UNUSED_FUNCTION = YES;
				GCC_WARN_UNUSED_VARIABLE = YES;
				LOCALIZATION_PREFERS_STRING_CATALOGS = YES;
				MACOSX_DEPLOYMENT_TARGET = 14.0;
				MTL_ENABLE_DEBUG_INFO = INCLUDE_SOURCE;
				MTL_FAST_MATH = YES;
				ONLY_ACTIVE_ARCH = YES;
				SDKROOT = macosx;
				SWIFT_ACTIVE_COMPILATION_CONDITIONS = "DEBUG $(inherited)";
				SWIFT_OPTIMIZATION_LEVEL = "-Onone";
			};
			name = Debug;
		};
		9E2E75DF2BCC2E3600CD4DC1 /* Release */ = {
			isa = XCBuildConfiguration;
			buildSettings = {
				ALWAYS_SEARCH_USER_PATHS = NO;
				ASSETCATALOG_COMPILER_GENERATE_SWIFT_ASSET_SYMBOL_EXTENSIONS = YES;
				CLANG_ANALYZER_NONNULL = YES;
				CLANG_ANALYZER_NUMBER_OBJECT_CONVERSION = YES_AGGRESSIVE;
				CLANG_CXX_LANGUAGE_STANDARD = "gnu++20";
				CLANG_ENABLE_MODULES = YES;
				CLANG_ENABLE_OBJC_ARC = YES;
				CLANG_ENABLE_OBJC_WEAK = YES;
				CLANG_WARN_BLOCK_CAPTURE_AUTORELEASING = YES;
				CLANG_WARN_BOOL_CONVERSION = YES;
				CLANG_WARN_COMMA = YES;
				CLANG_WARN_CONSTANT_CONVERSION = YES;
				CLANG_WARN_DEPRECATED_OBJC_IMPLEMENTATIONS = YES;
				CLANG_WARN_DIRECT_OBJC_ISA_USAGE = YES_ERROR;
				CLANG_WARN_DOCUMENTATION_COMMENTS = YES;
				CLANG_WARN_EMPTY_BODY = YES;
				CLANG_WARN_ENUM_CONVERSION = YES;
				CLANG_WARN_INFINITE_RECURSION = YES;
				CLANG_WARN_INT_CONVERSION = YES;
				CLANG_WARN_NON_LITERAL_NULL_CONVERSION = YES;
				CLANG_WARN_OBJC_IMPLICIT_RETAIN_SELF = YES;
				CLANG_WARN_OBJC_LITERAL_CONVERSION = YES;
				CLANG_WARN_OBJC_ROOT_CLASS = YES_ERROR;
				CLANG_WARN_QUOTED_INCLUDE_IN_FRAMEWORK_HEADER = YES;
				CLANG_WARN_RANGE_LOOP_ANALYSIS = YES;
				CLANG_WARN_STRICT_PROTOTYPES = YES;
				CLANG_WARN_SUSPICIOUS_MOVE = YES;
				CLANG_WARN_UNGUARDED_AVAILABILITY = YES_AGGRESSIVE;
				CLANG_WARN_UNREACHABLE_CODE = YES;
				CLANG_WARN__DUPLICATE_METHOD_MATCH = YES;
				COPY_PHASE_STRIP = NO;
				DEBUG_INFORMATION_FORMAT = "dwarf-with-dsym";
				ENABLE_NS_ASSERTIONS = NO;
				ENABLE_STRICT_OBJC_MSGSEND = YES;
				ENABLE_USER_SCRIPT_SANDBOXING = YES;
				GCC_C_LANGUAGE_STANDARD = gnu17;
				GCC_NO_COMMON_BLOCKS = YES;
				GCC_WARN_64_TO_32_BIT_CONVERSION = YES;
				GCC_WARN_ABOUT_RETURN_TYPE = YES_ERROR;
				GCC_WARN_UNDECLARED_SELECTOR = YES;
				GCC_WARN_UNINITIALIZED_AUTOS = YES_AGGRESSIVE;
				GCC_WARN_UNUSED_FUNCTION = YES;
				GCC_WARN_UNUSED_VARIABLE = YES;
				LOCALIZATION_PREFERS_STRING_CATALOGS = YES;
				MACOSX_DEPLOYMENT_TARGET = 14.0;
				MTL_ENABLE_DEBUG_INFO = NO;
				MTL_FAST_MATH = YES;
				SDKROOT = macosx;
				SWIFT_COMPILATION_MODE = wholemodule;
			};
			name = Release;
		};
		9E2E75E12BCC2E3600CD4DC1 /* Debug */ = {
			isa = XCBuildConfiguration;
			buildSettings = {
				CODE_SIGN_STYLE = Automatic;
				PRODUCT_NAME = "$(TARGET_NAME)";
				SWIFT_VERSION = 5.0;
			};
			name = Debug;
		};
		9E2E75E22BCC2E3600CD4DC1 /* Release */ = {
			isa = XCBuildConfiguration;
			buildSettings = {
				CODE_SIGN_STYLE = Automatic;
				PRODUCT_NAME = "$(TARGET_NAME)";
				SWIFT_VERSION = 5.0;
			};
			name = Release;
		};
/* End XCBuildConfiguration section */

/* Begin XCConfigurationList section */
		9E2E75D42BCC2E3600CD4DC1 /* Build configuration list for PBXProject "Calculus" */ = {
			isa = XCConfigurationList;
			buildConfigurations = (
				9E2E75DE2BCC2E3600CD4DC1 /* Debug */,
				9E2E75DF2BCC2E3600CD4DC1 /* Release */,
			);
			defaultConfigurationIsVisible = 0;
			defaultConfigurationName = Release;
		};
		9E2E75E02BCC2E3600CD4DC1 /* Build configuration list for PBXNativeTarget "Calculus" */ = {
			isa = XCConfigurationList;
			buildConfigurations = (
				9E2E75E12BCC2E3600CD4DC1 /* Debug */,
				9E2E75E22BCC2E3600CD4DC1 /* Release */,
			);
			defaultConfigurationIsVisible = 0;
			defaultConfigurationName = Release;
		};
/* End XCConfigurationList section */
	};
	rootObject = 9E2E75D12BCC2E3600CD4DC1 /* Project object */;
}
